// !$*UTF8*$!
{
	archiveVersion = 1;
	classes = {
	};
	objectVersion = 46;
	objects = {

/* Begin PBXBuildFile section */
		A58256B61C577FF7005DE15D /* Main.storyboard in Resources */ = {isa = PBXBuildFile; fileRef = A58256B41C577FF7005DE15D /* Main.storyboard */; };
		A58256B81C578442005DE15D /* CompoundusedtotleViewController.swift in Sources */ = {isa = PBXBuildFile; fileRef = A58256B71C578442005DE15D /* CompoundusedtotleViewController.swift */; };
		A58256BA1C57882E005DE15D /* CompoundusedtotleTableViewCell.swift in Sources */ = {isa = PBXBuildFile; fileRef = A58256B91C57882E005DE15D /* CompoundusedtotleTableViewCell.swift */; };
		A58B001C1C58888100AE67A3 /* PopoverStoreViewController.swift in Sources */ = {isa = PBXBuildFile; fileRef = A58B001B1C58888100AE67A3 /* PopoverStoreViewController.swift */; };
		A58B001E1C58A3A900AE67A3 /* PopoverStoreTableViewCell.swift in Sources */ = {isa = PBXBuildFile; fileRef = A58B001D1C58A3A900AE67A3 /* PopoverStoreTableViewCell.swift */; };
		A58B00201C58B2BB00AE67A3 /* PopoverOderStoreViewController.swift in Sources */ = {isa = PBXBuildFile; fileRef = A58B001F1C58B2BB00AE67A3 /* PopoverOderStoreViewController.swift */; };
		A58B00221C58B7B900AE67A3 /* CompoundTotalViewController.swift in Sources */ = {isa = PBXBuildFile; fileRef = A58B00211C58B7B900AE67A3 /* CompoundTotalViewController.swift */; };
		A58B00241C58B84800AE67A3 /* CompoundTotalTableViewCell.swift in Sources */ = {isa = PBXBuildFile; fileRef = A58B00231C58B84800AE67A3 /* CompoundTotalTableViewCell.swift */; };
		A58C26111C496A58005D1E48 /* AppDelegate.swift in Sources */ = {isa = PBXBuildFile; fileRef = A58C26101C496A58005D1E48 /* AppDelegate.swift */; };
		A58C26131C496A58005D1E48 /* ViewController.swift in Sources */ = {isa = PBXBuildFile; fileRef = A58C26121C496A58005D1E48 /* ViewController.swift */; };
		A58C26181C496A58005D1E48 /* Assets.xcassets in Resources */ = {isa = PBXBuildFile; fileRef = A58C26171C496A58005D1E48 /* Assets.xcassets */; };
		A58C261B1C496A58005D1E48 /* LaunchScreen.storyboard in Resources */ = {isa = PBXBuildFile; fileRef = A58C26191C496A58005D1E48 /* LaunchScreen.storyboard */; };
		A58C26261C496A58005D1E48 /* PrototypeProjectsTests.swift in Sources */ = {isa = PBXBuildFile; fileRef = A58C26251C496A58005D1E48 /* PrototypeProjectsTests.swift */; };
		A58C26311C496A58005D1E48 /* PrototypeProjectsUITests.swift in Sources */ = {isa = PBXBuildFile; fileRef = A58C26301C496A58005D1E48 /* PrototypeProjectsUITests.swift */; };
		A597BA801C4FC43600A7F870 /* TestTableViewController.swift in Sources */ = {isa = PBXBuildFile; fileRef = A597BA7F1C4FC43600A7F870 /* TestTableViewController.swift */; };
		A597BA821C4FC46200A7F870 /* TestTableViewCell.swift in Sources */ = {isa = PBXBuildFile; fileRef = A597BA811C4FC46200A7F870 /* TestTableViewCell.swift */; };
		A597BA861C4FD6AF00A7F870 /* AccountViewController.swift in Sources */ = {isa = PBXBuildFile; fileRef = A597BA851C4FD6AF00A7F870 /* AccountViewController.swift */; };
		A5A0C4E61C5A1392009DC1B2 /* DetailUseViewController.swift in Sources */ = {isa = PBXBuildFile; fileRef = A5A0C4E51C5A1392009DC1B2 /* DetailUseViewController.swift */; };
		A5A0C4E81C5A179C009DC1B2 /* DetailUseTableViewCell.swift in Sources */ = {isa = PBXBuildFile; fileRef = A5A0C4E71C5A179C009DC1B2 /* DetailUseTableViewCell.swift */; };
		A5A550301C91B75D001E1F20 /* Images-4.xcassets in Resources */ = {isa = PBXBuildFile; fileRef = A5A5502F1C91B75D001E1F20 /* Images-4.xcassets */; };
		A5A550491C920B3E001E1F20 /* Alamofire.framework in Frameworks */ = {isa = PBXBuildFile; fileRef = A5A5503C1C920B33001E1F20 /* Alamofire.framework */; };
		A5A5504A1C920B3E001E1F20 /* Alamofire.framework in Embed Frameworks */ = {isa = PBXBuildFile; fileRef = A5A5503C1C920B33001E1F20 /* Alamofire.framework */; settings = {ATTRIBUTES = (CodeSignOnCopy, RemoveHeadersOnCopy, ); }; };
		A5A8D43B1C554A4000BA737E /* Test2ViewController.swift in Sources */ = {isa = PBXBuildFile; fileRef = A5A8D43A1C554A4000BA737E /* Test2ViewController.swift */; };
		A5A8D43D1C554B4500BA737E /* Test2TableViewCell.swift in Sources */ = {isa = PBXBuildFile; fileRef = A5A8D43C1C554B4500BA737E /* Test2TableViewCell.swift */; };
		A5A8D43F1C55509F00BA737E /* Compount1ViewController.swift in Sources */ = {isa = PBXBuildFile; fileRef = A5A8D43E1C55509F00BA737E /* Compount1ViewController.swift */; };
		A5A8D4411C5551C800BA737E /* Compount1TableViewCell.swift in Sources */ = {isa = PBXBuildFile; fileRef = A5A8D4401C5551C800BA737E /* Compount1TableViewCell.swift */; };
		A5A8D4431C556AA500BA737E /* CompountUseViewController.swift in Sources */ = {isa = PBXBuildFile; fileRef = A5A8D4421C556AA500BA737E /* CompountUseViewController.swift */; };
		A5A8D4451C556AE900BA737E /* CompountUseTableViewCell.swift in Sources */ = {isa = PBXBuildFile; fileRef = A5A8D4441C556AE900BA737E /* CompountUseTableViewCell.swift */; };
/* End PBXBuildFile section */

/* Begin PBXContainerItemProxy section */
		A58C26221C496A58005D1E48 /* PBXContainerItemProxy */ = {
			isa = PBXContainerItemProxy;
			containerPortal = A58C26051C496A58005D1E48 /* Project object */;
			proxyType = 1;
			remoteGlobalIDString = A58C260C1C496A58005D1E48;
			remoteInfo = PrototypeProjects;
		};
		A58C262D1C496A58005D1E48 /* PBXContainerItemProxy */ = {
			isa = PBXContainerItemProxy;
			containerPortal = A58C26051C496A58005D1E48 /* Project object */;
			proxyType = 1;
			remoteGlobalIDString = A58C260C1C496A58005D1E48;
			remoteInfo = PrototypeProjects;
		};
		A5A5503B1C920B33001E1F20 /* PBXContainerItemProxy */ = {
			isa = PBXContainerItemProxy;
			containerPortal = A5A550311C920B33001E1F20 /* Alamofire.xcodeproj */;
			proxyType = 2;
			remoteGlobalIDString = F8111E3319A95C8B0040E7D1;
			remoteInfo = "Alamofire iOS";
		};
		A5A5503D1C920B33001E1F20 /* PBXContainerItemProxy */ = {
			isa = PBXContainerItemProxy;
			containerPortal = A5A550311C920B33001E1F20 /* Alamofire.xcodeproj */;
			proxyType = 2;
			remoteGlobalIDString = F8111E3E19A95C8B0040E7D1;
			remoteInfo = "Alamofire iOS Tests";
		};
		A5A5503F1C920B33001E1F20 /* PBXContainerItemProxy */ = {
			isa = PBXContainerItemProxy;
			containerPortal = A5A550311C920B33001E1F20 /* Alamofire.xcodeproj */;
			proxyType = 2;
			remoteGlobalIDString = 4DD67C0B1A5C55C900ED2280;
			remoteInfo = "Alamofire OSX";
		};
		A5A550411C920B33001E1F20 /* PBXContainerItemProxy */ = {
			isa = PBXContainerItemProxy;
			containerPortal = A5A550311C920B33001E1F20 /* Alamofire.xcodeproj */;
			proxyType = 2;
			remoteGlobalIDString = F829C6B21A7A94F100A2CD59;
			remoteInfo = "Alamofire OSX Tests";
		};
		A5A550431C920B33001E1F20 /* PBXContainerItemProxy */ = {
			isa = PBXContainerItemProxy;
			containerPortal = A5A550311C920B33001E1F20 /* Alamofire.xcodeproj */;
			proxyType = 2;
			remoteGlobalIDString = 4CF626EF1BA7CB3E0011A099;
			remoteInfo = "Alamofire tvOS";
		};
		A5A550451C920B33001E1F20 /* PBXContainerItemProxy */ = {
			isa = PBXContainerItemProxy;
			containerPortal = A5A550311C920B33001E1F20 /* Alamofire.xcodeproj */;
			proxyType = 2;
			remoteGlobalIDString = 4CF626F81BA7CB3E0011A099;
			remoteInfo = "Alamofire tvOS Tests";
		};
		A5A550471C920B33001E1F20 /* PBXContainerItemProxy */ = {
			isa = PBXContainerItemProxy;
			containerPortal = A5A550311C920B33001E1F20 /* Alamofire.xcodeproj */;
			proxyType = 2;
			remoteGlobalIDString = E4202FE01B667AA100C997FB;
			remoteInfo = "Alamofire watchOS";
		};
		A5A5504B1C920B3E001E1F20 /* PBXContainerItemProxy */ = {
			isa = PBXContainerItemProxy;
			containerPortal = A5A550311C920B33001E1F20 /* Alamofire.xcodeproj */;
			proxyType = 1;
			remoteGlobalIDString = F8111E3219A95C8B0040E7D1;
			remoteInfo = "Alamofire iOS";
		};
/* End PBXContainerItemProxy section */

/* Begin PBXCopyFilesBuildPhase section */
		A5A5504D1C920B3E001E1F20 /* Embed Frameworks */ = {
			isa = PBXCopyFilesBuildPhase;
			buildActionMask = 2147483647;
			dstPath = "";
			dstSubfolderSpec = 10;
			files = (
				A5A5504A1C920B3E001E1F20 /* Alamofire.framework in Embed Frameworks */,
			);
			name = "Embed Frameworks";
			runOnlyForDeploymentPostprocessing = 0;
		};
/* End PBXCopyFilesBuildPhase section */

/* Begin PBXFileReference section */
		A58256B51C577FF7005DE15D /* Base */ = {isa = PBXFileReference; lastKnownFileType = file.storyboard; name = Base; path = Base.lproj/Main.storyboard; sourceTree = "<group>"; };
		A58256B71C578442005DE15D /* CompoundusedtotleViewController.swift */ = {isa = PBXFileReference; fileEncoding = 4; lastKnownFileType = sourcecode.swift; path = CompoundusedtotleViewController.swift; sourceTree = "<group>"; };
		A58256B91C57882E005DE15D /* CompoundusedtotleTableViewCell.swift */ = {isa = PBXFileReference; fileEncoding = 4; lastKnownFileType = sourcecode.swift; path = CompoundusedtotleTableViewCell.swift; sourceTree = "<group>"; };
		A58B001B1C58888100AE67A3 /* PopoverStoreViewController.swift */ = {isa = PBXFileReference; fileEncoding = 4; lastKnownFileType = sourcecode.swift; path = PopoverStoreViewController.swift; sourceTree = "<group>"; };
		A58B001D1C58A3A900AE67A3 /* PopoverStoreTableViewCell.swift */ = {isa = PBXFileReference; fileEncoding = 4; lastKnownFileType = sourcecode.swift; path = PopoverStoreTableViewCell.swift; sourceTree = "<group>"; };
		A58B001F1C58B2BB00AE67A3 /* PopoverOderStoreViewController.swift */ = {isa = PBXFileReference; fileEncoding = 4; lastKnownFileType = sourcecode.swift; path = PopoverOderStoreViewController.swift; sourceTree = "<group>"; };
		A58B00211C58B7B900AE67A3 /* CompoundTotalViewController.swift */ = {isa = PBXFileReference; fileEncoding = 4; lastKnownFileType = sourcecode.swift; path = CompoundTotalViewController.swift; sourceTree = "<group>"; };
		A58B00231C58B84800AE67A3 /* CompoundTotalTableViewCell.swift */ = {isa = PBXFileReference; fileEncoding = 4; lastKnownFileType = sourcecode.swift; path = CompoundTotalTableViewCell.swift; sourceTree = "<group>"; };
		A58C260D1C496A58005D1E48 /* PrototypeProjects.app */ = {isa = PBXFileReference; explicitFileType = wrapper.application; includeInIndex = 0; path = PrototypeProjects.app; sourceTree = BUILT_PRODUCTS_DIR; };
		A58C26101C496A58005D1E48 /* AppDelegate.swift */ = {isa = PBXFileReference; lastKnownFileType = sourcecode.swift; path = AppDelegate.swift; sourceTree = "<group>"; };
		A58C26121C496A58005D1E48 /* ViewController.swift */ = {isa = PBXFileReference; lastKnownFileType = sourcecode.swift; path = ViewController.swift; sourceTree = "<group>"; };
		A58C26171C496A58005D1E48 /* Assets.xcassets */ = {isa = PBXFileReference; lastKnownFileType = folder.assetcatalog; path = Assets.xcassets; sourceTree = "<group>"; };
		A58C261A1C496A58005D1E48 /* Base */ = {isa = PBXFileReference; lastKnownFileType = file.storyboard; name = Base; path = Base.lproj/LaunchScreen.storyboard; sourceTree = "<group>"; };
		A58C261C1C496A58005D1E48 /* Info.plist */ = {isa = PBXFileReference; lastKnownFileType = text.plist.xml; path = Info.plist; sourceTree = "<group>"; };
		A58C26211C496A58005D1E48 /* PrototypeProjectsTests.xctest */ = {isa = PBXFileReference; explicitFileType = wrapper.cfbundle; includeInIndex = 0; path = PrototypeProjectsTests.xctest; sourceTree = BUILT_PRODUCTS_DIR; };
		A58C26251C496A58005D1E48 /* PrototypeProjectsTests.swift */ = {isa = PBXFileReference; lastKnownFileType = sourcecode.swift; path = PrototypeProjectsTests.swift; sourceTree = "<group>"; };
		A58C26271C496A58005D1E48 /* Info.plist */ = {isa = PBXFileReference; lastKnownFileType = text.plist.xml; path = Info.plist; sourceTree = "<group>"; };
		A58C262C1C496A58005D1E48 /* PrototypeProjectsUITests.xctest */ = {isa = PBXFileReference; explicitFileType = wrapper.cfbundle; includeInIndex = 0; path = PrototypeProjectsUITests.xctest; sourceTree = BUILT_PRODUCTS_DIR; };
		A58C26301C496A58005D1E48 /* PrototypeProjectsUITests.swift */ = {isa = PBXFileReference; lastKnownFileType = sourcecode.swift; path = PrototypeProjectsUITests.swift; sourceTree = "<group>"; };
		A58C26321C496A58005D1E48 /* Info.plist */ = {isa = PBXFileReference; lastKnownFileType = text.plist.xml; path = Info.plist; sourceTree = "<group>"; };
		A597BA7F1C4FC43600A7F870 /* TestTableViewController.swift */ = {isa = PBXFileReference; fileEncoding = 4; lastKnownFileType = sourcecode.swift; path = TestTableViewController.swift; sourceTree = "<group>"; };
		A597BA811C4FC46200A7F870 /* TestTableViewCell.swift */ = {isa = PBXFileReference; fileEncoding = 4; lastKnownFileType = sourcecode.swift; path = TestTableViewCell.swift; sourceTree = "<group>"; };
		A597BA851C4FD6AF00A7F870 /* AccountViewController.swift */ = {isa = PBXFileReference; fileEncoding = 4; lastKnownFileType = sourcecode.swift; path = AccountViewController.swift; sourceTree = "<group>"; };
		A5A0C4E51C5A1392009DC1B2 /* DetailUseViewController.swift */ = {isa = PBXFileReference; fileEncoding = 4; lastKnownFileType = sourcecode.swift; path = DetailUseViewController.swift; sourceTree = "<group>"; };
		A5A0C4E71C5A179C009DC1B2 /* DetailUseTableViewCell.swift */ = {isa = PBXFileReference; fileEncoding = 4; lastKnownFileType = sourcecode.swift; path = DetailUseTableViewCell.swift; sourceTree = "<group>"; };
		A5A5502F1C91B75D001E1F20 /* Images-4.xcassets */ = {isa = PBXFileReference; lastKnownFileType = folder.assetcatalog; path = "Images-4.xcassets"; sourceTree = "<group>"; };
		A5A550311C920B33001E1F20 /* Alamofire.xcodeproj */ = {isa = PBXFileReference; lastKnownFileType = "wrapper.pb-project"; name = Alamofire.xcodeproj; path = Alamofire/Alamofire.xcodeproj; sourceTree = "<group>"; };
		A5A8D43A1C554A4000BA737E /* Test2ViewController.swift */ = {isa = PBXFileReference; fileEncoding = 4; lastKnownFileType = sourcecode.swift; path = Test2ViewController.swift; sourceTree = "<group>"; };
		A5A8D43C1C554B4500BA737E /* Test2TableViewCell.swift */ = {isa = PBXFileReference; fileEncoding = 4; lastKnownFileType = sourcecode.swift; path = Test2TableViewCell.swift; sourceTree = "<group>"; };
		A5A8D43E1C55509F00BA737E /* Compount1ViewController.swift */ = {isa = PBXFileReference; fileEncoding = 4; lastKnownFileType = sourcecode.swift; path = Compount1ViewController.swift; sourceTree = "<group>"; };
		A5A8D4401C5551C800BA737E /* Compount1TableViewCell.swift */ = {isa = PBXFileReference; fileEncoding = 4; lastKnownFileType = sourcecode.swift; path = Compount1TableViewCell.swift; sourceTree = "<group>"; };
		A5A8D4421C556AA500BA737E /* CompountUseViewController.swift */ = {isa = PBXFileReference; fileEncoding = 4; lastKnownFileType = sourcecode.swift; path = CompountUseViewController.swift; sourceTree = "<group>"; };
		A5A8D4441C556AE900BA737E /* CompountUseTableViewCell.swift */ = {isa = PBXFileReference; fileEncoding = 4; lastKnownFileType = sourcecode.swift; path = CompountUseTableViewCell.swift; sourceTree = "<group>"; };
/* End PBXFileReference section */

/* Begin PBXFrameworksBuildPhase section */
		A58C260A1C496A58005D1E48 /* Frameworks */ = {
			isa = PBXFrameworksBuildPhase;
			buildActionMask = 2147483647;
			files = (
				A5A550491C920B3E001E1F20 /* Alamofire.framework in Frameworks */,
			);
			runOnlyForDeploymentPostprocessing = 0;
		};
		A58C261E1C496A58005D1E48 /* Frameworks */ = {
			isa = PBXFrameworksBuildPhase;
			buildActionMask = 2147483647;
			files = (
			);
			runOnlyForDeploymentPostprocessing = 0;
		};
		A58C26291C496A58005D1E48 /* Frameworks */ = {
			isa = PBXFrameworksBuildPhase;
			buildActionMask = 2147483647;
			files = (
			);
			runOnlyForDeploymentPostprocessing = 0;
		};
/* End PBXFrameworksBuildPhase section */

/* Begin PBXGroup section */
		A58C26041C496A58005D1E48 = {
			isa = PBXGroup;
			children = (
				A58C260F1C496A58005D1E48 /* PrototypeProjects */,
				A58C26241C496A58005D1E48 /* PrototypeProjectsTests */,
				A58C262F1C496A58005D1E48 /* PrototypeProjectsUITests */,
				A58C260E1C496A58005D1E48 /* Products */,
				A5A550311C920B33001E1F20 /* Alamofire.xcodeproj */,
			);
			sourceTree = "<group>";
		};
		A58C260E1C496A58005D1E48 /* Products */ = {
			isa = PBXGroup;
			children = (
				A58C260D1C496A58005D1E48 /* PrototypeProjects.app */,
				A58C26211C496A58005D1E48 /* PrototypeProjectsTests.xctest */,
				A58C262C1C496A58005D1E48 /* PrototypeProjectsUITests.xctest */,
			);
			name = Products;
			sourceTree = "<group>";
		};
		A58C260F1C496A58005D1E48 /* PrototypeProjects */ = {
			isa = PBXGroup;
			children = (
				A58C26101C496A58005D1E48 /* AppDelegate.swift */,
				A58C26121C496A58005D1E48 /* ViewController.swift */,
				A58256B41C577FF7005DE15D /* Main.storyboard */,
				A58B00211C58B7B900AE67A3 /* CompoundTotalViewController.swift */,
				A58B00231C58B84800AE67A3 /* CompoundTotalTableViewCell.swift */,
				A5A0C4E51C5A1392009DC1B2 /* DetailUseViewController.swift */,
				A5A0C4E71C5A179C009DC1B2 /* DetailUseTableViewCell.swift */,
				A58C26171C496A58005D1E48 /* Assets.xcassets */,
				A58C26191C496A58005D1E48 /* LaunchScreen.storyboard */,
				A58C261C1C496A58005D1E48 /* Info.plist */,
				A597BA7F1C4FC43600A7F870 /* TestTableViewController.swift */,
				A597BA811C4FC46200A7F870 /* TestTableViewCell.swift */,
				A597BA851C4FD6AF00A7F870 /* AccountViewController.swift */,
				A5A8D43A1C554A4000BA737E /* Test2ViewController.swift */,
				A5A8D43C1C554B4500BA737E /* Test2TableViewCell.swift */,
				A5A8D43E1C55509F00BA737E /* Compount1ViewController.swift */,
				A5A8D4401C5551C800BA737E /* Compount1TableViewCell.swift */,
				A5A8D4421C556AA500BA737E /* CompountUseViewController.swift */,
				A5A8D4441C556AE900BA737E /* CompountUseTableViewCell.swift */,
				A58256B71C578442005DE15D /* CompoundusedtotleViewController.swift */,
				A58256B91C57882E005DE15D /* CompoundusedtotleTableViewCell.swift */,
				A58B001B1C58888100AE67A3 /* PopoverStoreViewController.swift */,
				A58B001D1C58A3A900AE67A3 /* PopoverStoreTableViewCell.swift */,
				A58B001F1C58B2BB00AE67A3 /* PopoverOderStoreViewController.swift */,
				A5A5502F1C91B75D001E1F20 /* Images-4.xcassets */,
			);
			path = PrototypeProjects;
			sourceTree = "<group>";
		};
		A58C26241C496A58005D1E48 /* PrototypeProjectsTests */ = {
			isa = PBXGroup;
			children = (
				A58C26251C496A58005D1E48 /* PrototypeProjectsTests.swift */,
				A58C26271C496A58005D1E48 /* Info.plist */,
			);
			path = PrototypeProjectsTests;
			sourceTree = "<group>";
		};
		A58C262F1C496A58005D1E48 /* PrototypeProjectsUITests */ = {
			isa = PBXGroup;
			children = (
				A58C26301C496A58005D1E48 /* PrototypeProjectsUITests.swift */,
				A58C26321C496A58005D1E48 /* Info.plist */,
			);
			path = PrototypeProjectsUITests;
			sourceTree = "<group>";
		};
		A5A550321C920B33001E1F20 /* Products */ = {
			isa = PBXGroup;
			children = (
				A5A5503C1C920B33001E1F20 /* Alamofire.framework */,
				A5A5503E1C920B33001E1F20 /* Alamofire iOS Tests.xctest */,
				A5A550401C920B33001E1F20 /* Alamofire.framework */,
				A5A550421C920B33001E1F20 /* Alamofire OSX Tests.xctest */,
				A5A550441C920B33001E1F20 /* Alamofire.framework */,
				A5A550461C920B33001E1F20 /* Alamofire tvOS Tests.xctest */,
				A5A550481C920B33001E1F20 /* Alamofire.framework */,
			);
			name = Products;
			sourceTree = "<group>";
		};
/* End PBXGroup section */

/* Begin PBXNativeTarget section */
		A58C260C1C496A58005D1E48 /* PrototypeProjects */ = {
			isa = PBXNativeTarget;
			buildConfigurationList = A58C26351C496A58005D1E48 /* Build configuration list for PBXNativeTarget "PrototypeProjects" */;
			buildPhases = (
				A58C26091C496A58005D1E48 /* Sources */,
				A58C260A1C496A58005D1E48 /* Frameworks */,
				A58C260B1C496A58005D1E48 /* Resources */,
				A5A5504D1C920B3E001E1F20 /* Embed Frameworks */,
			);
			buildRules = (
			);
			dependencies = (
				A5A5504C1C920B3E001E1F20 /* PBXTargetDependency */,
			);
			name = PrototypeProjects;
			productName = PrototypeProjects;
			productReference = A58C260D1C496A58005D1E48 /* PrototypeProjects.app */;
			productType = "com.apple.product-type.application";
		};
		A58C26201C496A58005D1E48 /* PrototypeProjectsTests */ = {
			isa = PBXNativeTarget;
			buildConfigurationList = A58C26381C496A58005D1E48 /* Build configuration list for PBXNativeTarget "PrototypeProjectsTests" */;
			buildPhases = (
				A58C261D1C496A58005D1E48 /* Sources */,
				A58C261E1C496A58005D1E48 /* Frameworks */,
				A58C261F1C496A58005D1E48 /* Resources */,
			);
			buildRules = (
			);
			dependencies = (
				A58C26231C496A58005D1E48 /* PBXTargetDependency */,
			);
			name = PrototypeProjectsTests;
			productName = PrototypeProjectsTests;
			productReference = A58C26211C496A58005D1E48 /* PrototypeProjectsTests.xctest */;
			productType = "com.apple.product-type.bundle.unit-test";
		};
		A58C262B1C496A58005D1E48 /* PrototypeProjectsUITests */ = {
			isa = PBXNativeTarget;
			buildConfigurationList = A58C263B1C496A58005D1E48 /* Build configuration list for PBXNativeTarget "PrototypeProjectsUITests" */;
			buildPhases = (
				A58C26281C496A58005D1E48 /* Sources */,
				A58C26291C496A58005D1E48 /* Frameworks */,
				A58C262A1C496A58005D1E48 /* Resources */,
			);
			buildRules = (
			);
			dependencies = (
				A58C262E1C496A58005D1E48 /* PBXTargetDependency */,
			);
			name = PrototypeProjectsUITests;
			productName = PrototypeProjectsUITests;
			productReference = A58C262C1C496A58005D1E48 /* PrototypeProjectsUITests.xctest */;
			productType = "com.apple.product-type.bundle.ui-testing";
		};
/* End PBXNativeTarget section */

/* Begin PBXProject section */
		A58C26051C496A58005D1E48 /* Project object */ = {
			isa = PBXProject;
			attributes = {
				LastSwiftUpdateCheck = 0720;
				LastUpgradeCheck = 0720;
				ORGANIZATIONNAME = "Pattanapong Chankaew";
				TargetAttributes = {
					A58C260C1C496A58005D1E48 = {
						CreatedOnToolsVersion = 7.2;
						DevelopmentTeam = Q8GEXQSWR4;
					};
					A58C26201C496A58005D1E48 = {
						CreatedOnToolsVersion = 7.2;
						DevelopmentTeam = Q8GEXQSWR4;
						TestTargetID = A58C260C1C496A58005D1E48;
					};
					A58C262B1C496A58005D1E48 = {
						CreatedOnToolsVersion = 7.2;
						DevelopmentTeam = Q8GEXQSWR4;
						TestTargetID = A58C260C1C496A58005D1E48;
					};
				};
			};
			buildConfigurationList = A58C26081C496A58005D1E48 /* Build configuration list for PBXProject "PrototypeProjects" */;
			compatibilityVersion = "Xcode 3.2";
			developmentRegion = English;
			hasScannedForEncodings = 0;
			knownRegions = (
				en,
				Base,
			);
			mainGroup = A58C26041C496A58005D1E48;
			productRefGroup = A58C260E1C496A58005D1E48 /* Products */;
			projectDirPath = "";
			projectReferences = (
				{
					ProductGroup = A5A550321C920B33001E1F20 /* Products */;
					ProjectRef = A5A550311C920B33001E1F20 /* Alamofire.xcodeproj */;
				},
			);
			projectRoot = "";
			targets = (
				A58C260C1C496A58005D1E48 /* PrototypeProjects */,
				A58C26201C496A58005D1E48 /* PrototypeProjectsTests */,
				A58C262B1C496A58005D1E48 /* PrototypeProjectsUITests */,
			);
		};
/* End PBXProject section */

/* Begin PBXReferenceProxy section */
		A5A5503C1C920B33001E1F20 /* Alamofire.framework */ = {
			isa = PBXReferenceProxy;
			fileType = wrapper.framework;
			path = Alamofire.framework;
			remoteRef = A5A5503B1C920B33001E1F20 /* PBXContainerItemProxy */;
			sourceTree = BUILT_PRODUCTS_DIR;
		};
		A5A5503E1C920B33001E1F20 /* Alamofire iOS Tests.xctest */ = {
			isa = PBXReferenceProxy;
			fileType = wrapper.cfbundle;
			path = "Alamofire iOS Tests.xctest";
			remoteRef = A5A5503D1C920B33001E1F20 /* PBXContainerItemProxy */;
			sourceTree = BUILT_PRODUCTS_DIR;
		};
		A5A550401C920B33001E1F20 /* Alamofire.framework */ = {
			isa = PBXReferenceProxy;
			fileType = wrapper.framework;
			path = Alamofire.framework;
			remoteRef = A5A5503F1C920B33001E1F20 /* PBXContainerItemProxy */;
			sourceTree = BUILT_PRODUCTS_DIR;
		};
		A5A550421C920B33001E1F20 /* Alamofire OSX Tests.xctest */ = {
			isa = PBXReferenceProxy;
			fileType = wrapper.cfbundle;
			path = "Alamofire OSX Tests.xctest";
			remoteRef = A5A550411C920B33001E1F20 /* PBXContainerItemProxy */;
			sourceTree = BUILT_PRODUCTS_DIR;
		};
		A5A550441C920B33001E1F20 /* Alamofire.framework */ = {
			isa = PBXReferenceProxy;
			fileType = wrapper.framework;
			path = Alamofire.framework;
			remoteRef = A5A550431C920B33001E1F20 /* PBXContainerItemProxy */;
			sourceTree = BUILT_PRODUCTS_DIR;
		};
		A5A550461C920B33001E1F20 /* Alamofire tvOS Tests.xctest */ = {
			isa = PBXReferenceProxy;
			fileType = wrapper.cfbundle;
			path = "Alamofire tvOS Tests.xctest";
			remoteRef = A5A550451C920B33001E1F20 /* PBXContainerItemProxy */;
			sourceTree = BUILT_PRODUCTS_DIR;
		};
		A5A550481C920B33001E1F20 /* Alamofire.framework */ = {
			isa = PBXReferenceProxy;
			fileType = wrapper.framework;
			path = Alamofire.framework;
			remoteRef = A5A550471C920B33001E1F20 /* PBXContainerItemProxy */;
			sourceTree = BUILT_PRODUCTS_DIR;
		};
/* End PBXReferenceProxy section */

/* Begin PBXResourcesBuildPhase section */
		A58C260B1C496A58005D1E48 /* Resources */ = {
			isa = PBXResourcesBuildPhase;
			buildActionMask = 2147483647;
			files = (
				A5A550301C91B75D001E1F20 /* Images-4.xcassets in Resources */,
				A58256B61C577FF7005DE15D /* Main.storyboard in Resources */,
				A58C261B1C496A58005D1E48 /* LaunchScreen.storyboard in Resources */,
				A58C26181C496A58005D1E48 /* Assets.xcassets in Resources */,
			);
			runOnlyForDeploymentPostprocessing = 0;
		};
		A58C261F1C496A58005D1E48 /* Resources */ = {
			isa = PBXResourcesBuildPhase;
			buildActionMask = 2147483647;
			files = (
			);
			runOnlyForDeploymentPostprocessing = 0;
		};
		A58C262A1C496A58005D1E48 /* Resources */ = {
			isa = PBXResourcesBuildPhase;
			buildActionMask = 2147483647;
			files = (
			);
			runOnlyForDeploymentPostprocessing = 0;
		};
/* End PBXResourcesBuildPhase section */

/* Begin PBXSourcesBuildPhase section */
		A58C26091C496A58005D1E48 /* Sources */ = {
			isa = PBXSourcesBuildPhase;
			buildActionMask = 2147483647;
			files = (
				A58B00221C58B7B900AE67A3 /* CompoundTotalViewController.swift in Sources */,
				A58B00201C58B2BB00AE67A3 /* PopoverOderStoreViewController.swift in Sources */,
				A5A0C4E81C5A179C009DC1B2 /* DetailUseTableViewCell.swift in Sources */,
				A58256BA1C57882E005DE15D /* CompoundusedtotleTableViewCell.swift in Sources */,
				A58C26131C496A58005D1E48 /* ViewController.swift in Sources */,
				A58B001C1C58888100AE67A3 /* PopoverStoreViewController.swift in Sources */,
				A5A8D4451C556AE900BA737E /* CompountUseTableViewCell.swift in Sources */,
				A5A8D43B1C554A4000BA737E /* Test2ViewController.swift in Sources */,
				A58B001E1C58A3A900AE67A3 /* PopoverStoreTableViewCell.swift in Sources */,
				A597BA861C4FD6AF00A7F870 /* AccountViewController.swift in Sources */,
				A5A0C4E61C5A1392009DC1B2 /* DetailUseViewController.swift in Sources */,
				A597BA821C4FC46200A7F870 /* TestTableViewCell.swift in Sources */,
				A58B00241C58B84800AE67A3 /* CompoundTotalTableViewCell.swift in Sources */,
				A58C26111C496A58005D1E48 /* AppDelegate.swift in Sources */,
				A5A8D43F1C55509F00BA737E /* Compount1ViewController.swift in Sources */,
				A5A8D4411C5551C800BA737E /* Compount1TableViewCell.swift in Sources */,
				A5A8D43D1C554B4500BA737E /* Test2TableViewCell.swift in Sources */,
				A58256B81C578442005DE15D /* CompoundusedtotleViewController.swift in Sources */,
				A597BA801C4FC43600A7F870 /* TestTableViewController.swift in Sources */,
				A5A8D4431C556AA500BA737E /* CompountUseViewController.swift in Sources */,
			);
			runOnlyForDeploymentPostprocessing = 0;
		};
		A58C261D1C496A58005D1E48 /* Sources */ = {
			isa = PBXSourcesBuildPhase;
			buildActionMask = 2147483647;
			files = (
				A58C26261C496A58005D1E48 /* PrototypeProjectsTests.swift in Sources */,
			);
			runOnlyForDeploymentPostprocessing = 0;
		};
		A58C26281C496A58005D1E48 /* Sources */ = {
			isa = PBXSourcesBuildPhase;
			buildActionMask = 2147483647;
			files = (
				A58C26311C496A58005D1E48 /* PrototypeProjectsUITests.swift in Sources */,
			);
			runOnlyForDeploymentPostprocessing = 0;
		};
/* End PBXSourcesBuildPhase section */

/* Begin PBXTargetDependency section */
		A58C26231C496A58005D1E48 /* PBXTargetDependency */ = {
			isa = PBXTargetDependency;
			target = A58C260C1C496A58005D1E48 /* PrototypeProjects */;
			targetProxy = A58C26221C496A58005D1E48 /* PBXContainerItemProxy */;
		};
		A58C262E1C496A58005D1E48 /* PBXTargetDependency */ = {
			isa = PBXTargetDependency;
			target = A58C260C1C496A58005D1E48 /* PrototypeProjects */;
			targetProxy = A58C262D1C496A58005D1E48 /* PBXContainerItemProxy */;
		};
		A5A5504C1C920B3E001E1F20 /* PBXTargetDependency */ = {
			isa = PBXTargetDependency;
			name = "Alamofire iOS";
			targetProxy = A5A5504B1C920B3E001E1F20 /* PBXContainerItemProxy */;
		};
/* End PBXTargetDependency section */

/* Begin PBXVariantGroup section */
		A58256B41C577FF7005DE15D /* Main.storyboard */ = {
			isa = PBXVariantGroup;
			children = (
				A58256B51C577FF7005DE15D /* Base */,
			);
			name = Main.storyboard;
			sourceTree = "<group>";
		};
		A58C26191C496A58005D1E48 /* LaunchScreen.storyboard */ = {
			isa = PBXVariantGroup;
			children = (
				A58C261A1C496A58005D1E48 /* Base */,
			);
			name = LaunchScreen.storyboard;
			sourceTree = "<group>";
		};
/* End PBXVariantGroup section */

/* Begin XCBuildConfiguration section */
		A58C26331C496A58005D1E48 /* Debug */ = {
			isa = XCBuildConfiguration;
			buildSettings = {
				ALWAYS_SEARCH_USER_PATHS = NO;
				CLANG_CXX_LANGUAGE_STANDARD = "gnu++0x";
				CLANG_CXX_LIBRARY = "libc++";
				CLANG_ENABLE_MODULES = YES;
				CLANG_ENABLE_OBJC_ARC = YES;
				CLANG_WARN_BOOL_CONVERSION = YES;
				CLANG_WARN_CONSTANT_CONVERSION = YES;
				CLANG_WARN_DIRECT_OBJC_ISA_USAGE = YES_ERROR;
				CLANG_WARN_EMPTY_BODY = YES;
				CLANG_WARN_ENUM_CONVERSION = YES;
				CLANG_WARN_INT_CONVERSION = YES;
				CLANG_WARN_OBJC_ROOT_CLASS = YES_ERROR;
				CLANG_WARN_UNREACHABLE_CODE = YES;
				CLANG_WARN__DUPLICATE_METHOD_MATCH = YES;
				"CODE_SIGN_IDENTITY[sdk=iphoneos*]" = "iPhone Developer";
				COPY_PHASE_STRIP = NO;
				DEBUG_INFORMATION_FORMAT = dwarf;
				ENABLE_STRICT_OBJC_MSGSEND = YES;
				ENABLE_TESTABILITY = YES;
				GCC_C_LANGUAGE_STANDARD = gnu99;
				GCC_DYNAMIC_NO_PIC = NO;
				GCC_NO_COMMON_BLOCKS = YES;
				GCC_OPTIMIZATION_LEVEL = 0;
				GCC_PREPROCESSOR_DEFINITIONS = (
					"DEBUG=1",
					"$(inherited)",
				);
				GCC_WARN_64_TO_32_BIT_CONVERSION = YES;
				GCC_WARN_ABOUT_RETURN_TYPE = YES_ERROR;
				GCC_WARN_UNDECLARED_SELECTOR = YES;
				GCC_WARN_UNINITIALIZED_AUTOS = YES_AGGRESSIVE;
				GCC_WARN_UNUSED_FUNCTION = YES;
				GCC_WARN_UNUSED_VARIABLE = YES;
				IPHONEOS_DEPLOYMENT_TARGET = 9.2;
				MTL_ENABLE_DEBUG_INFO = YES;
				ONLY_ACTIVE_ARCH = YES;
				SDKROOT = iphoneos;
				SWIFT_OPTIMIZATION_LEVEL = "-Onone";
				TARGETED_DEVICE_FAMILY = "1,2";
			};
			name = Debug;
		};
		A58C26341C496A58005D1E48 /* Release */ = {
			isa = XCBuildConfiguration;
			buildSettings = {
				ALWAYS_SEARCH_USER_PATHS = NO;
				CLANG_CXX_LANGUAGE_STANDARD = "gnu++0x";
				CLANG_CXX_LIBRARY = "libc++";
				CLANG_ENABLE_MODULES = YES;
				CLANG_ENABLE_OBJC_ARC = YES;
				CLANG_WARN_BOOL_CONVERSION = YES;
				CLANG_WARN_CONSTANT_CONVERSION = YES;
				CLANG_WARN_DIRECT_OBJC_ISA_USAGE = YES_ERROR;
				CLANG_WARN_EMPTY_BODY = YES;
				CLANG_WARN_ENUM_CONVERSION = YES;
				CLANG_WARN_INT_CONVERSION = YES;
				CLANG_WARN_OBJC_ROOT_CLASS = YES_ERROR;
				CLANG_WARN_UNREACHABLE_CODE = YES;
				CLANG_WARN__DUPLICATE_METHOD_MATCH = YES;
				"CODE_SIGN_IDENTITY[sdk=iphoneos*]" = "iPhone Developer";
				COPY_PHASE_STRIP = NO;
				DEBUG_INFORMATION_FORMAT = "dwarf-with-dsym";
				ENABLE_NS_ASSERTIONS = NO;
				ENABLE_STRICT_OBJC_MSGSEND = YES;
				GCC_C_LANGUAGE_STANDARD = gnu99;
				GCC_NO_COMMON_BLOCKS = YES;
				GCC_WARN_64_TO_32_BIT_CONVERSION = YES;
				GCC_WARN_ABOUT_RETURN_TYPE = YES_ERROR;
				GCC_WARN_UNDECLARED_SELECTOR = YES;
				GCC_WARN_UNINITIALIZED_AUTOS = YES_AGGRESSIVE;
				GCC_WARN_UNUSED_FUNCTION = YES;
				GCC_WARN_UNUSED_VARIABLE = YES;
				IPHONEOS_DEPLOYMENT_TARGET = 9.2;
				MTL_ENABLE_DEBUG_INFO = NO;
				SDKROOT = iphoneos;
				TARGETED_DEVICE_FAMILY = "1,2";
				VALIDATE_PRODUCT = YES;
			};
			name = Release;
		};
		A58C26361C496A58005D1E48 /* Debug */ = {
			isa = XCBuildConfiguration;
			buildSettings = {
				ASSETCATALOG_COMPILER_APPICON_NAME = AppIcon;
				EMBEDDED_CONTENT_CONTAINS_SWIFT = YES;
				INFOPLIST_FILE = PrototypeProjects/Info.plist;
				LD_RUNPATH_SEARCH_PATHS = "$(inherited) @executable_path/Frameworks";
				PRODUCT_BUNDLE_IDENTIFIER = Report.PrototypeProjects;
				PRODUCT_NAME = "$(TARGET_NAME)";
			};
			name = Debug;
		};
		A58C26371C496A58005D1E48 /* Release */ = {
			isa = XCBuildConfiguration;
			buildSettings = {
				ASSETCATALOG_COMPILER_APPICON_NAME = AppIcon;
				EMBEDDED_CONTENT_CONTAINS_SWIFT = YES;
				INFOPLIST_FILE = PrototypeProjects/Info.plist;
				LD_RUNPATH_SEARCH_PATHS = "$(inherited) @executable_path/Frameworks";
				PRODUCT_BUNDLE_IDENTIFIER = Report.PrototypeProjects;
				PRODUCT_NAME = "$(TARGET_NAME)";
			};
			name = Release;
		};
		A58C26391C496A58005D1E48 /* Debug */ = {
			isa = XCBuildConfiguration;
			buildSettings = {
				BUNDLE_LOADER = "$(TEST_HOST)";
				INFOPLIST_FILE = PrototypeProjectsTests/Info.plist;
				LD_RUNPATH_SEARCH_PATHS = "$(inherited) @executable_path/Frameworks @loader_path/Frameworks";
				PRODUCT_BUNDLE_IDENTIFIER = Report.PrototypeProjectsTests;
				PRODUCT_NAME = "$(TARGET_NAME)";
				TEST_HOST = "$(BUILT_PRODUCTS_DIR)/PrototypeProjects.app/PrototypeProjects";
			};
			name = Debug;
		};
		A58C263A1C496A58005D1E48 /* Release */ = {
			isa = XCBuildConfiguration;
			buildSettings = {
				BUNDLE_LOADER = "$(TEST_HOST)";
				INFOPLIST_FILE = PrototypeProjectsTests/Info.plist;
				LD_RUNPATH_SEARCH_PATHS = "$(inherited) @executable_path/Frameworks @loader_path/Frameworks";
				PRODUCT_BUNDLE_IDENTIFIER = Report.PrototypeProjectsTests;
				PRODUCT_NAME = "$(TARGET_NAME)";
				TEST_HOST = "$(BUILT_PRODUCTS_DIR)/PrototypeProjects.app/PrototypeProjects";
			};
			name = Release;
		};
		A58C263C1C496A58005D1E48 /* Debug */ = {
			isa = XCBuildConfiguration;
			buildSettings = {
				INFOPLIST_FILE = PrototypeProjectsUITests/Info.plist;
				LD_RUNPATH_SEARCH_PATHS = "$(inherited) @executable_path/Frameworks @loader_path/Frameworks";
				PRODUCT_BUNDLE_IDENTIFIER = Report.PrototypeProjectsUITests;
				PRODUCT_NAME = "$(TARGET_NAME)";
				TEST_TARGET_NAME = PrototypeProjects;
				USES_XCTRUNNER = YES;
			};
			name = Debug;
		};
		A58C263D1C496A58005D1E48 /* Release */ = {
			isa = XCBuildConfiguration;
			buildSettings = {
				INFOPLIST_FILE = PrototypeProjectsUITests/Info.plist;
				LD_RUNPATH_SEARCH_PATHS = "$(inherited) @executable_path/Frameworks @loader_path/Frameworks";
				PRODUCT_BUNDLE_IDENTIFIER = Report.PrototypeProjectsUITests;
				PRODUCT_NAME = "$(TARGET_NAME)";
				TEST_TARGET_NAME = PrototypeProjects;
				USES_XCTRUNNER = YES;
			};
			name = Release;
		};
/* End XCBuildConfiguration section */

/* Begin XCConfigurationList section */
		A58C26081C496A58005D1E48 /* Build configuration list for PBXProject "PrototypeProjects" */ = {
			isa = XCConfigurationList;
			buildConfigurations = (
				A58C26331C496A58005D1E48 /* Debug */,
				A58C26341C496A58005D1E48 /* Release */,
			);
			defaultConfigurationIsVisible = 0;
			defaultConfigurationName = Release;
		};
		A58C26351C496A58005D1E48 /* Build configuration list for PBXNativeTarget "PrototypeProjects" */ = {
			isa = XCConfigurationList;
			buildConfigurations = (
				A58C26361C496A58005D1E48 /* Debug */,
				A58C26371C496A58005D1E48 /* Release */,
			);
			defaultConfigurationIsVisible = 0;
			defaultConfigurationName = Release;
		};
		A58C26381C496A58005D1E48 /* Build configuration list for PBXNativeTarget "PrototypeProjectsTests" */ = {
			isa = XCConfigurationList;
			buildConfigurations = (
				A58C26391C496A58005D1E48 /* Debug */,
				A58C263A1C496A58005D1E48 /* Release */,
			);
			defaultConfigurationIsVisible = 0;
			defaultConfigurationName = Release;
		};
		A58C263B1C496A58005D1E48 /* Build configuration list for PBXNativeTarget "PrototypeProjectsUITests" */ = {
			isa = XCConfigurationList;
			buildConfigurations = (
				A58C263C1C496A58005D1E48 /* Debug */,
				A58C263D1C496A58005D1E48 /* Release */,
			);
			defaultConfigurationIsVisible = 0;
			defaultConfigurationName = Release;
		};
/* End XCConfigurationList section */
	};
	rootObject = A58C26051C496A58005D1E48 /* Project object */;
}
